
Microsoft Visual Studio Solution File, Format Version 12.00
# Visual Studio Version 17
VisualStudioVersion = 17.9.34728.123
MinimumVisualStudioVersion = 10.0.40219.1
Project("{FAE04EC0-301F-11D3-BF4B-00C04F79EFBC}") = "P.08 MVC - Formularios con Razor y HTML Helper", "P.08 MVC - Formularios con Razor y HTML Helper\P.08 MVC - Formularios con Razor y HTML Helper.csproj", "{518A10F1-79BA-46FC-AD88-F30F5002FE4C}"
EndProject
Global
	GlobalSection(SolutionConfigurationPlatforms) = preSolution
		Debug|Any CPU = Debug|Any CPU
		Release|Any CPU = Release|Any CPU
	EndGlobalSection
	GlobalSection(ProjectConfigurationPlatforms) = postSolution
		{518A10F1-79BA-46FC-AD88-F30F5002FE4C}.Debug|Any CPU.ActiveCfg = Debug|Any CPU
		{518A10F1-79BA-46FC-AD88-F30F5002FE4C}.Debug|Any CPU.Build.0 = Debug|Any CPU
		{518A10F1-79BA-46FC-AD88-F30F5002FE4C}.Release|Any CPU.ActiveCfg = Release|Any CPU
		{518A10F1-79BA-46FC-AD88-F30F5002FE4C}.Release|Any CPU.Build.0 = Release|Any CPU
	EndGlobalSection
	GlobalSection(SolutionProperties) = preSolution
		HideSolutionNode = FALSE
	EndGlobalSection
	GlobalSection(ExtensibilityGlobals) = postSolution
		SolutionGuid = {388CD549-75B3-44A1-A413-EE7CD0A593BA}
	EndGlobalSection
EndGlobal
